DEPENDENCIES
  app-cookbook
    path: cookbooks/app-cookbook
    metadata: true
  app-helper
    path: cookbooks/app-helper
    metadata: true
  b-base
    git: git://github.com/tnargnai/b-base.git
    revision: 56f5c29fac553d8409bed51e401b3834108e177c
  b-goapp
    git: git://github.com/tnargnai/b-goapp.git
    revision: 05590b971bef87708e815d83776a06d67aee045b
  b-nginx
    git: git://github.com/tnargnai/b-nginx.git
    revision: 9c318564a39e9b9a97b5ba40cbe63a7c93d7e66e

GRAPH
  7-zip (1.0.2)
    windows (>= 1.2.2)
  app-cookbook (0.1.0)
    app-helper (>= 0.1.0)
    b-goapp (>= 0.1.0)
    b-nginx (>= 0.1.1)
  app-helper (0.1.0)
  apt (2.9.2)
  b-base (0.1.0)
    yum (>= 0.0.0)
  b-goapp (0.1.1)
    apt (>= 0.0.0)
    golang (>= 0.0.0)
    yum (>= 0.0.0)
  b-nginx (0.1.1)
    apt (>= 0.0.0)
    nginx (~> 2.7.5)
    yum (>= 0.0.0)
  bluepill (2.4.3)
    rsyslog (>= 2.0)
  build-essential (2.4.0)
    7-zip (>= 0.0.0)
  chef_handler (7.7.7)
  compat_resource (12.10.7)
  golang (1.7.0)
  nginx (2.7.6)
    apt (~> 2.2)
    bluepill (~> 2.3)
    build-essential (~> 2.0)
    ohai (~> 2.0)
    runit (~> 1.2)
    yum-epel (~> 0.3)
  ohai (2.1.0)
  packagecloud (0.2.4)
  rsyslog (4.0.1)
    compat_resource (>= 0.0.0)
  runit (1.8.0)
    packagecloud (>= 0.0.0)
    yum-epel (>= 0.0.0)
  windows (1.44.1)
    chef_handler (>= 0.0.0)
  yum (3.11.0)
  yum-epel (0.7.0)
    yum (>= 3.6.3)
